
Microsoft Visual Studio Solution File, Format Version 12.00
# Visual Studio Version 17
VisualStudioVersion = 17.3.32901.215
MinimumVisualStudioVersion = 10.0.40219.1
Project("{FAE04EC0-301F-11D3-BF4B-00C04F79EFBC}") = "TestTaskCurrencyDynamicsViewer", "TestTaskCurrencyDynamicsViewer\TestTaskCurrencyDynamicsViewer.csproj", "{C1D8E596-8E29-49CA-B1C1-481819EAB43A}"
EndProject
Global
	GlobalSection(SolutionConfigurationPlatforms) = preSolution
		Debug|Any CPU = Debug|Any CPU
		Release|Any CPU = Release|Any CPU
	EndGlobalSection
	GlobalSection(ProjectConfigurationPlatforms) = postSolution
		{C1D8E596-8E29-49CA-B1C1-481819EAB43A}.Debug|Any CPU.ActiveCfg = Debug|Any CPU
		{C1D8E596-8E29-49CA-B1C1-481819EAB43A}.Debug|Any CPU.Build.0 = Debug|Any CPU
		{C1D8E596-8E29-49CA-B1C1-481819EAB43A}.Release|Any CPU.ActiveCfg = Release|Any CPU
		{C1D8E596-8E29-49CA-B1C1-481819EAB43A}.Release|Any CPU.Build.0 = Release|Any CPU
	EndGlobalSection
	GlobalSection(SolutionProperties) = preSolution
		HideSolutionNode = FALSE
	EndGlobalSection
	GlobalSection(ExtensibilityGlobals) = postSolution
		SolutionGuid = {8CF50A4A-A004-4A13-B3F6-6C8494CF3F53}
	EndGlobalSection
EndGlobal
